
Microsoft Visual Studio Solution File, Format Version 12.00
# Visual Studio 2013
VisualStudioVersion = 12.0.21005.1
MinimumVisualStudioVersion = 10.0.40219.1
Project("{FAE04EC0-301F-11D3-BF4B-00C04F79EFBC}") = "SmokeTest", "SmokeTest\SmokeTest.csproj", "{F1631F6C-9D22-4D9F-A73D-5BC74B57ADCF}"
EndProject
Global
	GlobalSection(SolutionConfigurationPlatforms) = preSolution
		Debug|Any CPU = Debug|Any CPU
		Release|Any CPU = Release|Any CPU
	EndGlobalSection
	GlobalSection(ProjectConfigurationPlatforms) = postSolution
		{F1631F6C-9D22-4D9F-A73D-5BC74B57ADCF}.Debug|Any CPU.ActiveCfg = Debug|Any CPU
		{F1631F6C-9D22-4D9F-A73D-5BC74B57ADCF}.Debug|Any CPU.Build.0 = Debug|Any CPU
		{F1631F6C-9D22-4D9F-A73D-5BC74B57ADCF}.Release|Any CPU.ActiveCfg = Release|Any CPU
		{F1631F6C-9D22-4D9F-A73D-5BC74B57ADCF}.Release|Any CPU.Build.0 = Release|Any CPU
	EndGlobalSection
	GlobalSection(SolutionProperties) = preSolution
		HideSolutionNode = FALSE
	EndGlobalSection
EndGlobal
